
Microsoft Visual Studio Solution File, Format Version 12.00
# Visual Studio Version 17
VisualStudioVersion = 17.7.34031.279
MinimumVisualStudioVersion = 10.0.40219.1
Project("{FAE04EC0-301F-11D3-BF4B-00C04F79EFBC}") = "VideoGameTrading", "VideoGameTrading.csproj", "{DD90AB82-2BE4-4C04-B18A-7F03403D4C2D}"
EndProject
Global
	GlobalSection(SolutionConfigurationPlatforms) = preSolution
		Debug|Any CPU = Debug|Any CPU
		Release|Any CPU = Release|Any CPU
	EndGlobalSection
	GlobalSection(ProjectConfigurationPlatforms) = postSolution
		{DD90AB82-2BE4-4C04-B18A-7F03403D4C2D}.Debug|Any CPU.ActiveCfg = Debug|Any CPU
		{DD90AB82-2BE4-4C04-B18A-7F03403D4C2D}.Debug|Any CPU.Build.0 = Debug|Any CPU
		{DD90AB82-2BE4-4C04-B18A-7F03403D4C2D}.Release|Any CPU.ActiveCfg = Release|Any CPU
		{DD90AB82-2BE4-4C04-B18A-7F03403D4C2D}.Release|Any CPU.Build.0 = Release|Any CPU
	EndGlobalSection
	GlobalSection(SolutionProperties) = preSolution
		HideSolutionNode = FALSE
	EndGlobalSection
	GlobalSection(ExtensibilityGlobals) = postSolution
		SolutionGuid = {1AD20E12-F6DE-4D42-849C-BF4AAC07258E}
	EndGlobalSection
EndGlobal
